
Microsoft Visual Studio Solution File, Format Version 12.00
# Visual Studio 15
VisualStudioVersion = 15.0.26730.12
MinimumVisualStudioVersion = 10.0.40219.1
Project("{FAE04EC0-301F-11D3-BF4B-00C04F79EFBC}") = "Practica1.Android", "Practica1\Practica1.Android\Practica1.Android.csproj", "{576A1565-FE1B-4EC6-B9FF-C74C3743C7A3}"
EndProject
Project("{FAE04EC0-301F-11D3-BF4B-00C04F79EFBC}") = "Practica1", "Practica1\Practica1\Practica1.csproj", "{595AACC4-B0E7-4396-AE2F-9E6F3112DCE5}"
EndProject
Project("{FAE04EC0-301F-11D3-BF4B-00C04F79EFBC}") = "Practica1.UWP", "Practica1\Practica1.UWP\Practica1.UWP.csproj", "{AC0E1002-C1EC-48AD-8408-00F73FC56C41}"
EndProject
Project("{FAE04EC0-301F-11D3-BF4B-00C04F79EFBC}") = "Practica1.iOS", "Practica1\Practica1.iOS\Practica1.iOS.csproj", "{4A26496A-675E-4BD3-9913-687AF339C26B}"
EndProject
Global
	GlobalSection(SolutionConfigurationPlatforms) = preSolution
		Ad-Hoc|Any CPU = Ad-Hoc|Any CPU
		Ad-Hoc|ARM = Ad-Hoc|ARM
		Ad-Hoc|iPhone = Ad-Hoc|iPhone
		Ad-Hoc|iPhoneSimulator = Ad-Hoc|iPhoneSimulator
		Ad-Hoc|x64 = Ad-Hoc|x64
		Ad-Hoc|x86 = Ad-Hoc|x86
		AppStore|Any CPU = AppStore|Any CPU
		AppStore|ARM = AppStore|ARM
		AppStore|iPhone = AppStore|iPhone
		AppStore|iPhoneSimulator = AppStore|iPhoneSimulator
		AppStore|x64 = AppStore|x64
		AppStore|x86 = AppStore|x86
		Debug|Any CPU = Debug|Any CPU
		Debug|ARM = Debug|ARM
		Debug|iPhone = Debug|iPhone
		Debug|iPhoneSimulator = Debug|iPhoneSimulator
		Debug|x64 = Debug|x64
		Debug|x86 = Debug|x86
		Release|Any CPU = Release|Any CPU
		Release|ARM = Release|ARM
		Release|iPhone = Release|iPhone
		Release|iPhoneSimulator = Release|iPhoneSimulator
		Release|x64 = Release|x64
		Release|x86 = Release|x86
	EndGlobalSection
	GlobalSection(ProjectConfigurationPlatforms) = postSolution
		{576A1565-FE1B-4EC6-B9FF-C74C3743C7A3}.Ad-Hoc|Any CPU.ActiveCfg = Release|Any CPU
		{576A1565-FE1B-4EC6-B9FF-C74C3743C7A3}.Ad-Hoc|Any CPU.Build.0 = Release|Any CPU
		{576A1565-FE1B-4EC6-B9FF-C74C3743C7A3}.Ad-Hoc|Any CPU.Deploy.0 = Release|Any CPU
		{576A1565-FE1B-4EC6-B9FF-C74C3743C7A3}.Ad-Hoc|ARM.ActiveCfg = Release|Any CPU
		{576A1565-FE1B-4EC6-B9FF-C74C3743C7A3}.Ad-Hoc|ARM.Build.0 = Release|Any CPU
		{576A1565-FE1B-4EC6-B9FF-C74C3743C7A3}.Ad-Hoc|ARM.Deploy.0 = Release|Any CPU
		{576A1565-FE1B-4EC6-B9FF-C74C3743C7A3}.Ad-Hoc|iPhone.ActiveCfg = Release|Any CPU
		{576A1565-FE1B-4EC6-B9FF-C74C3743C7A3}.Ad-Hoc|iPhone.Build.0 = Release|Any CPU
		{576A1565-FE1B-4EC6-B9FF-C74C3743C7A3}.Ad-Hoc|iPhone.Deploy.0 = Release|Any CPU
		{576A1565-FE1B-4EC6-B9FF-C74C3743C7A3}.Ad-Hoc|iPhoneSimulator.ActiveCfg = Release|Any CPU
		{576A1565-FE1B-4EC6-B9FF-C74C3743C7A3}.Ad-Hoc|iPhoneSimulator.Build.0 = Release|Any CPU
		{576A1565-FE1B-4EC6-B9FF-C74C3743C7A3}.Ad-Hoc|iPhoneSimulator.Deploy.0 = Release|Any CPU
		{576A1565-FE1B-4EC6-B9FF-C74C3743C7A3}.Ad-Hoc|x64.ActiveCfg = Release|Any CPU
		{576A1565-FE1B-4EC6-B9FF-C74C3743C7A3}.Ad-Hoc|x64.Build.0 = Release|Any CPU
		{576A1565-FE1B-4EC6-B9FF-C74C3743C7A3}.Ad-Hoc|x64.Deploy.0 = Release|Any CPU
		{576A1565-FE1B-4EC6-B9FF-C74C3743C7A3}.Ad-Hoc|x86.ActiveCfg = Release|Any CPU
		{576A1565-FE1B-4EC6-B9FF-C74C3743C7A3}.Ad-Hoc|x86.Build.0 = Release|Any CPU
		{576A1565-FE1B-4EC6-B9FF-C74C3743C7A3}.Ad-Hoc|x86.Deploy.0 = Release|Any CPU
		{576A1565-FE1B-4EC6-B9FF-C74C3743C7A3}.AppStore|Any CPU.ActiveCfg = Release|Any CPU
		{576A1565-FE1B-4EC6-B9FF-C74C3743C7A3}.AppStore|Any CPU.Build.0 = Release|Any CPU
		{576A1565-FE1B-4EC6-B9FF-C74C3743C7A3}.AppStore|Any CPU.Deploy.0 = Release|Any CPU
		{576A1565-FE1B-4EC6-B9FF-C74C3743C7A3}.AppStore|ARM.ActiveCfg = Release|Any CPU
		{576A1565-FE1B-4EC6-B9FF-C74C3743C7A3}.AppStore|ARM.Build.0 = Release|Any CPU
		{576A1565-FE1B-4EC6-B9FF-C74C3743C7A3}.AppStore|ARM.Deploy.0 = Release|Any CPU
		{576A1565-FE1B-4EC6-B9FF-C74C3743C7A3}.AppStore|iPhone.ActiveCfg = Release|Any CPU
		{576A1565-FE1B-4EC6-B9FF-C74C3743C7A3}.AppStore|iPhone.Build.0 = Release|Any CPU
		{576A1565-FE1B-4EC6-B9FF-C74C3743C7A3}.AppStore|iPhone.Deploy.0 = Release|Any CPU
		{576A1565-FE1B-4EC6-B9FF-C74C3743C7A3}.AppStore|iPhoneSimulator.ActiveCfg = Release|Any CPU
		{576A1565-FE1B-4EC6-B9FF-C74C3743C7A3}.AppStore|iPhoneSimulator.Build.0 = Release|Any CPU
		{576A1565-FE1B-4EC6-B9FF-C74C3743C7A3}.AppStore|iPhoneSimulator.Deploy.0 = Release|Any CPU
		{576A1565-FE1B-4EC6-B9FF-C74C3743C7A3}.AppStore|x64.ActiveCfg = Release|Any CPU
		{576A1565-FE1B-4EC6-B9FF-C74C3743C7A3}.AppStore|x64.Build.0 = Release|Any CPU
		{576A1565-FE1B-4EC6-B9FF-C74C3743C7A3}.AppStore|x64.Deploy.0 = Release|Any CPU
		{576A1565-FE1B-4EC6-B9FF-C74C3743C7A3}.AppStore|x86.ActiveCfg = Release|Any CPU
		{576A1565-FE1B-4EC6-B9FF-C74C3743C7A3}.AppStore|x86.Build.0 = Release|Any CPU
		{576A1565-FE1B-4EC6-B9FF-C74C3743C7A3}.AppStore|x86.Deploy.0 = Release|Any CPU
		{576A1565-FE1B-4EC6-B9FF-C74C3743C7A3}.Debug|Any CPU.ActiveCfg = Debug|Any CPU
		{576A1565-FE1B-4EC6-B9FF-C74C3743C7A3}.Debug|Any CPU.Build.0 = Debug|Any CPU
		{576A1565-FE1B-4EC6-B9FF-C74C3743C7A3}.Debug|Any CPU.Deploy.0 = Debug|Any CPU
		{576A1565-FE1B-4EC6-B9FF-C74C3743C7A3}.Debug|ARM.ActiveCfg = Debug|Any CPU
		{576A1565-FE1B-4EC6-B9FF-C74C3743C7A3}.Debug|ARM.Build.0 = Debug|Any CPU
		{576A1565-FE1B-4EC6-B9FF-C74C3743C7A3}.Debug|ARM.Deploy.0 = Debug|Any CPU
		{576A1565-FE1B-4EC6-B9FF-C74C3743C7A3}.Debug|iPhone.ActiveCfg = Debug|Any CPU
		{576A1565-FE1B-4EC6-B9FF-C74C3743C7A3}.Debug|iPhone.Build.0 = Debug|Any CPU
		{576A1565-FE1B-4EC6-B9FF-C74C3743C7A3}.Debug|iPhone.Deploy.0 = Debug|Any CPU
		{576A1565-FE1B-4EC6-B9FF-C74C3743C7A3}.Debug|iPhoneSimulator.ActiveCfg = Debug|Any CPU
		{576A1565-FE1B-4EC6-B9FF-C74C3743C7A3}.Debug|iPhoneSimulator.Build.0 = Debug|Any CPU
		{576A1565-FE1B-4EC6-B9FF-C74C3743C7A3}.Debug|iPhoneSimulator.Deploy.0 = Debug|Any CPU
		{576A1565-FE1B-4EC6-B9FF-C74C3743C7A3}.Debug|x64.ActiveCfg = Debug|Any CPU
		{576A1565-FE1B-4EC6-B9FF-C74C3743C7A3}.Debug|x64.Build.0 = Debug|Any CPU
		{576A1565-FE1B-4EC6-B9FF-C74C3743C7A3}.Debug|x64.Deploy.0 = Debug|Any CPU
		{576A1565-FE1B-4EC6-B9FF-C74C3743C7A3}.Debug|x86.ActiveCfg = Debug|Any CPU
		{576A1565-FE1B-4EC6-B9FF-C74C3743C7A3}.Debug|x86.Build.0 = Debug|Any CPU
		{576A1565-FE1B-4EC6-B9FF-C74C3743C7A3}.Debug|x86.Deploy.0 = Debug|Any CPU
		{576A1565-FE1B-4EC6-B9FF-C74C3743C7A3}.Release|Any CPU.ActiveCfg = Release|Any CPU
		{576A1565-FE1B-4EC6-B9FF-C74C3743C7A3}.Release|Any CPU.Build.0 = Release|Any CPU
		{576A1565-FE1B-4EC6-B9FF-C74C3743C7A3}.Release|Any CPU.Deploy.0 = Release|Any CPU
		{576A1565-FE1B-4EC6-B9FF-C74C3743C7A3}.Release|ARM.ActiveCfg = Release|Any CPU
		{576A1565-FE1B-4EC6-B9FF-C74C3743C7A3}.Release|ARM.Build.0 = Release|Any CPU
		{576A1565-FE1B-4EC6-B9FF-C74C3743C7A3}.Release|ARM.Deploy.0 = Release|Any CPU
		{576A1565-FE1B-4EC6-B9FF-C74C3743C7A3}.Release|iPhone.ActiveCfg = Release|Any CPU
		{576A1565-FE1B-4EC6-B9FF-C74C3743C7A3}.Release|iPhone.Build.0 = Release|Any CPU
		{576A1565-FE1B-4EC6-B9FF-C74C3743C7A3}.Release|iPhone.Deploy.0 = Release|Any CPU
		{576A1565-FE1B-4EC6-B9FF-C74C3743C7A3}.Release|iPhoneSimulator.ActiveCfg = Release|Any CPU
		{576A1565-FE1B-4EC6-B9FF-C74C3743C7A3}.Release|iPhoneSimulator.Build.0 = Release|Any CPU
		{576A1565-FE1B-4EC6-B9FF-C74C3743C7A3}.Release|iPhoneSimulator.Deploy.0 = Release|Any CPU
		{576A1565-FE1B-4EC6-B9FF-C74C3743C7A3}.Release|x64.ActiveCfg = Release|Any CPU
		{576A1565-FE1B-4EC6-B9FF-C74C3743C7A3}.Release|x64.Build.0 = Release|Any CPU
		{576A1565-FE1B-4EC6-B9FF-C74C3743C7A3}.Release|x64.Deploy.0 = Release|Any CPU
		{576A1565-FE1B-4EC6-B9FF-C74C3743C7A3}.Release|x86.ActiveCfg = Release|Any CPU
		{576A1565-FE1B-4EC6-B9FF-C74C3743C7A3}.Release|x86.Build.0 = Release|Any CPU
		{576A1565-FE1B-4EC6-B9FF-C74C3743C7A3}.Release|x86.Deploy.0 = Release|Any CPU
		{595AACC4-B0E7-4396-AE2F-9E6F3112DCE5}.Ad-Hoc|Any CPU.ActiveCfg = Release|Any CPU
		{595AACC4-B0E7-4396-AE2F-9E6F3112DCE5}.Ad-Hoc|Any CPU.Build.0 = Release|Any CPU
		{595AACC4-B0E7-4396-AE2F-9E6F3112DCE5}.Ad-Hoc|ARM.ActiveCfg = Release|Any CPU
		{595AACC4-B0E7-4396-AE2F-9E6F3112DCE5}.Ad-Hoc|ARM.Build.0 = Release|Any CPU
		{595AACC4-B0E7-4396-AE2F-9E6F3112DCE5}.Ad-Hoc|iPhone.ActiveCfg = Release|Any CPU
		{595AACC4-B0E7-4396-AE2F-9E6F3112DCE5}.Ad-Hoc|iPhone.Build.0 = Release|Any CPU
		{595AACC4-B0E7-4396-AE2F-9E6F3112DCE5}.Ad-Hoc|iPhoneSimulator.ActiveCfg = Release|Any CPU
		{595AACC4-B0E7-4396-AE2F-9E6F3112DCE5}.Ad-Hoc|iPhoneSimulator.Build.0 = Release|Any CPU
		{595AACC4-B0E7-4396-AE2F-9E6F3112DCE5}.Ad-Hoc|x64.ActiveCfg = Release|Any CPU
		{595AACC4-B0E7-4396-AE2F-9E6F3112DCE5}.Ad-Hoc|x64.Build.0 = Release|Any CPU
		{595AACC4-B0E7-4396-AE2F-9E6F3112DCE5}.Ad-Hoc|x86.ActiveCfg = Release|Any CPU
		{595AACC4-B0E7-4396-AE2F-9E6F3112DCE5}.Ad-Hoc|x86.Build.0 = Release|Any CPU
		{595AACC4-B0E7-4396-AE2F-9E6F3112DCE5}.AppStore|Any CPU.ActiveCfg = Release|Any CPU
		{595AACC4-B0E7-4396-AE2F-9E6F3112DCE5}.AppStore|Any CPU.Build.0 = Release|Any CPU
		{595AACC4-B0E7-4396-AE2F-9E6F3112DCE5}.AppStore|ARM.ActiveCfg = Release|Any CPU
		{595AACC4-B0E7-4396-AE2F-9E6F3112DCE5}.AppStore|ARM.Build.0 = Release|Any CPU
		{595AACC4-B0E7-4396-AE2F-9E6F3112DCE5}.AppStore|iPhone.ActiveCfg = Release|Any CPU
		{595AACC4-B0E7-4396-AE2F-9E6F3112DCE5}.AppStore|iPhone.Build.0 = Release|Any CPU
		{595AACC4-B0E7-4396-AE2F-9E6F3112DCE5}.AppStore|iPhoneSimulator.ActiveCfg = Release|Any CPU
		{595AACC4-B0E7-4396-AE2F-9E6F3112DCE5}.AppStore|iPhoneSimulator.Build.0 = Release|Any CPU
		{595AACC4-B0E7-4396-AE2F-9E6F3112DCE5}.AppStore|x64.ActiveCfg = Release|Any CPU
		{595AACC4-B0E7-4396-AE2F-9E6F3112DCE5}.AppStore|x64.Build.0 = Release|Any CPU
		{595AACC4-B0E7-4396-AE2F-9E6F3112DCE5}.AppStore|x86.ActiveCfg = Release|Any CPU
		{595AACC4-B0E7-4396-AE2F-9E6F3112DCE5}.AppStore|x86.Build.0 = Release|Any CPU
		{595AACC4-B0E7-4396-AE2F-9E6F3112DCE5}.Debug|Any CPU.ActiveCfg = Debug|Any CPU
		{595AACC4-B0E7-4396-AE2F-9E6F3112DCE5}.Debug|Any CPU.Build.0 = Debug|Any CPU
		{595AACC4-B0E7-4396-AE2F-9E6F3112DCE5}.Debug|ARM.ActiveCfg = Debug|Any CPU
		{595AACC4-B0E7-4396-AE2F-9E6F3112DCE5}.Debug|ARM.Build.0 = Debug|Any CPU
		{595AACC4-B0E7-4396-AE2F-9E6F3112DCE5}.Debug|iPhone.ActiveCfg = Debug|Any CPU
		{595AACC4-B0E7-4396-AE2F-9E6F3112DCE5}.Debug|iPhone.Build.0 = Debug|Any CPU
		{595AACC4-B0E7-4396-AE2F-9E6F3112DCE5}.Debug|iPhoneSimulator.ActiveCfg = Debug|Any CPU
		{595AACC4-B0E7-4396-AE2F-9E6F3112DCE5}.Debug|iPhoneSimulator.Build.0 = Debug|Any CPU
		{595AACC4-B0E7-4396-AE2F-9E6F3112DCE5}.Debug|x64.ActiveCfg = Debug|Any CPU
		{595AACC4-B0E7-4396-AE2F-9E6F3112DCE5}.Debug|x64.Build.0 = Debug|Any CPU
		{595AACC4-B0E7-4396-AE2F-9E6F3112DCE5}.Debug|x86.ActiveCfg = Debug|Any CPU
		{595AACC4-B0E7-4396-AE2F-9E6F3112DCE5}.Debug|x86.Build.0 = Debug|Any CPU
		{595AACC4-B0E7-4396-AE2F-9E6F3112DCE5}.Release|Any CPU.ActiveCfg = Release|Any CPU
		{595AACC4-B0E7-4396-AE2F-9E6F3112DCE5}.Release|Any CPU.Build.0 = Release|Any CPU
		{595AACC4-B0E7-4396-AE2F-9E6F3112DCE5}.Release|ARM.ActiveCfg = Release|Any CPU
		{595AACC4-B0E7-4396-AE2F-9E6F3112DCE5}.Release|ARM.Build.0 = Release|Any CPU
		{595AACC4-B0E7-4396-AE2F-9E6F3112DCE5}.Release|iPhone.ActiveCfg = Release|Any CPU
		{595AACC4-B0E7-4396-AE2F-9E6F3112DCE5}.Release|iPhone.Build.0 = Release|Any CPU
		{595AACC4-B0E7-4396-AE2F-9E6F3112DCE5}.Release|iPhoneSimulator.ActiveCfg = Release|Any CPU
		{595AACC4-B0E7-4396-AE2F-9E6F3112DCE5}.Release|iPhoneSimulator.Build.0 = Release|Any CPU
		{595AACC4-B0E7-4396-AE2F-9E6F3112DCE5}.Release|x64.ActiveCfg = Release|Any CPU
		{595AACC4-B0E7-4396-AE2F-9E6F3112DCE5}.Release|x64.Build.0 = Release|Any CPU
		{595AACC4-B0E7-4396-AE2F-9E6F3112DCE5}.Release|x86.ActiveCfg = Release|Any CPU
		{595AACC4-B0E7-4396-AE2F-9E6F3112DCE5}.Release|x86.Build.0 = Release|Any CPU
		{AC0E1002-C1EC-48AD-8408-00F73FC56C41}.Ad-Hoc|Any CPU.ActiveCfg = Release|x86
		{AC0E1002-C1EC-48AD-8408-00F73FC56C41}.Ad-Hoc|Any CPU.Build.0 = Release|x86
		{AC0E1002-C1EC-48AD-8408-00F73FC56C41}.Ad-Hoc|Any CPU.Deploy.0 = Release|x86
		{AC0E1002-C1EC-48AD-8408-00F73FC56C41}.Ad-Hoc|ARM.ActiveCfg = Release|ARM
		{AC0E1002-C1EC-48AD-8408-00F73FC56C41}.Ad-Hoc|ARM.Build.0 = Release|ARM
		{AC0E1002-C1EC-48AD-8408-00F73FC56C41}.Ad-Hoc|ARM.Deploy.0 = Release|ARM
		{AC0E1002-C1EC-48AD-8408-00F73FC56C41}.Ad-Hoc|iPhone.ActiveCfg = Release|x86
		{AC0E1002-C1EC-48AD-8408-00F73FC56C41}.Ad-Hoc|iPhone.Build.0 = Release|x86
		{AC0E1002-C1EC-48AD-8408-00F73FC56C41}.Ad-Hoc|iPhone.Deploy.0 = Release|x86
		{AC0E1002-C1EC-48AD-8408-00F73FC56C41}.Ad-Hoc|iPhoneSimulator.ActiveCfg = Release|x86
		{AC0E1002-C1EC-48AD-8408-00F73FC56C41}.Ad-Hoc|iPhoneSimulator.Build.0 = Release|x86
		{AC0E1002-C1EC-48AD-8408-00F73FC56C41}.Ad-Hoc|iPhoneSimulator.Deploy.0 = Release|x86
		{AC0E1002-C1EC-48AD-8408-00F73FC56C41}.Ad-Hoc|x64.ActiveCfg = Release|x64
		{AC0E1002-C1EC-48AD-8408-00F73FC56C41}.Ad-Hoc|x64.Build.0 = Release|x64
		{AC0E1002-C1EC-48AD-8408-00F73FC56C41}.Ad-Hoc|x64.Deploy.0 = Release|x64
		{AC0E1002-C1EC-48AD-8408-00F73FC56C41}.Ad-Hoc|x86.ActiveCfg = Release|x86
		{AC0E1002-C1EC-48AD-8408-00F73FC56C41}.Ad-Hoc|x86.Build.0 = Release|x86
		{AC0E1002-C1EC-48AD-8408-00F73FC56C41}.Ad-Hoc|x86.Deploy.0 = Release|x86
		{AC0E1002-C1EC-48AD-8408-00F73FC56C41}.AppStore|Any CPU.ActiveCfg = Release|x86
		{AC0E1002-C1EC-48AD-8408-00F73FC56C41}.AppStore|Any CPU.Build.0 = Release|x86
		{AC0E1002-C1EC-48AD-8408-00F73FC56C41}.AppStore|Any CPU.Deploy.0 = Release|x86
		{AC0E1002-C1EC-48AD-8408-00F73FC56C41}.AppStore|ARM.ActiveCfg = Release|ARM
		{AC0E1002-C1EC-48AD-8408-00F73FC56C41}.AppStore|ARM.Build.0 = Release|ARM
		{AC0E1002-C1EC-48AD-8408-00F73FC56C41}.AppStore|ARM.Deploy.0 = Release|ARM
		{AC0E1002-C1EC-48AD-8408-00F73FC56C41}.AppStore|iPhone.ActiveCfg = Release|x86
		{AC0E1002-C1EC-48AD-8408-00F73FC56C41}.AppStore|iPhone.Build.0 = Release|x86
		{AC0E1002-C1EC-48AD-8408-00F73FC56C41}.AppStore|iPhone.Deploy.0 = Release|x86
		{AC0E1002-C1EC-48AD-8408-00F73FC56C41}.AppStore|iPhoneSimulator.ActiveCfg = Release|x86
		{AC0E1002-C1EC-48AD-8408-00F73FC56C41}.AppStore|iPhoneSimulator.Build.0 = Release|x86
		{AC0E1002-C1EC-48AD-8408-00F73FC56C41}.AppStore|iPhoneSimulator.Deploy.0 = Release|x86
		{AC0E1002-C1EC-48AD-8408-00F73FC56C41}.AppStore|x64.ActiveCfg = Release|x64
		{AC0E1002-C1EC-48AD-8408-00F73FC56C41}.AppStore|x64.Build.0 = Release|x64
		{AC0E1002-C1EC-48AD-8408-00F73FC56C41}.AppStore|x64.Deploy.0 = Release|x64
		{AC0E1002-C1EC-48AD-8408-00F73FC56C41}.AppStore|x86.ActiveCfg = Release|x86
		{AC0E1002-C1EC-48AD-8408-00F73FC56C41}.AppStore|x86.Build.0 = Release|x86
		{AC0E1002-C1EC-48AD-8408-00F73FC56C41}.AppStore|x86.Deploy.0 = Release|x86
		{AC0E1002-C1EC-48AD-8408-00F73FC56C41}.Debug|Any CPU.ActiveCfg = Debug|x86
		{AC0E1002-C1EC-48AD-8408-00F73FC56C41}.Debug|ARM.ActiveCfg = Debug|ARM
		{AC0E1002-C1EC-48AD-8408-00F73FC56C41}.Debug|ARM.Build.0 = Debug|ARM
		{AC0E1002-C1EC-48AD-8408-00F73FC56C41}.Debug|ARM.Deploy.0 = Debug|ARM
		{AC0E1002-C1EC-48AD-8408-00F73FC56C41}.Debug|iPhone.ActiveCfg = Debug|x86
		{AC0E1002-C1EC-48AD-8408-00F73FC56C41}.Debug|iPhoneSimulator.ActiveCfg = Debug|x86
		{AC0E1002-C1EC-48AD-8408-00F73FC56C41}.Debug|x64.ActiveCfg = Debug|x64
		{AC0E1002-C1EC-48AD-8408-00F73FC56C41}.Debug|x64.Build.0 = Debug|x64
		{AC0E1002-C1EC-48AD-8408-00F73FC56C41}.Debug|x64.Deploy.0 = Debug|x64
		{AC0E1002-C1EC-48AD-8408-00F73FC56C41}.Debug|x86.ActiveCfg = Debug|x86
		{AC0E1002-C1EC-48AD-8408-00F73FC56C41}.Debug|x86.Build.0 = Debug|x86
		{AC0E1002-C1EC-48AD-8408-00F73FC56C41}.Debug|x86.Deploy.0 = Debug|x86
		{AC0E1002-C1EC-48AD-8408-00F73FC56C41}.Release|Any CPU.ActiveCfg = Release|x86
		{AC0E1002-C1EC-48AD-8408-00F73FC56C41}.Release|ARM.ActiveCfg = Release|ARM
		{AC0E1002-C1EC-48AD-8408-00F73FC56C41}.Release|ARM.Build.0 = Release|ARM
		{AC0E1002-C1EC-48AD-8408-00F73FC56C41}.Release|ARM.Deploy.0 = Release|ARM
		{AC0E1002-C1EC-48AD-8408-00F73FC56C41}.Release|iPhone.ActiveCfg = Release|x86
		{AC0E1002-C1EC-48AD-8408-00F73FC56C41}.Release|iPhoneSimulator.ActiveCfg = Release|x86
		{AC0E1002-C1EC-48AD-8408-00F73FC56C41}.Release|x64.ActiveCfg = Release|x64
		{AC0E1002-C1EC-48AD-8408-00F73FC56C41}.Release|x64.Build.0 = Release|x64
		{AC0E1002-C1EC-48AD-8408-00F73FC56C41}.Release|x64.Deploy.0 = Release|x64
		{AC0E1002-C1EC-48AD-8408-00F73FC56C41}.Release|x86.ActiveCfg = Release|x86
		{AC0E1002-C1EC-48AD-8408-00F73FC56C41}.Release|x86.Build.0 = Release|x86
		{AC0E1002-C1EC-48AD-8408-00F73FC56C41}.Release|x86.Deploy.0 = Release|x86
		{4A26496A-675E-4BD3-9913-687AF339C26B}.Ad-Hoc|Any CPU.ActiveCfg = Ad-Hoc|iPhone
		{4A26496A-675E-4BD3-9913-687AF339C26B}.Ad-Hoc|ARM.ActiveCfg = Ad-Hoc|iPhone
		{4A26496A-675E-4BD3-9913-687AF339C26B}.Ad-Hoc|iPhone.ActiveCfg = Ad-Hoc|iPhone
		{4A26496A-675E-4BD3-9913-687AF339C26B}.Ad-Hoc|iPhone.Build.0 = Ad-Hoc|iPhone
		{4A26496A-675E-4BD3-9913-687AF339C26B}.Ad-Hoc|iPhoneSimulator.ActiveCfg = Ad-Hoc|iPhoneSimulator
		{4A26496A-675E-4BD3-9913-687AF339C26B}.Ad-Hoc|iPhoneSimulator.Build.0 = Ad-Hoc|iPhoneSimulator
		{4A26496A-675E-4BD3-9913-687AF339C26B}.Ad-Hoc|x64.ActiveCfg = Ad-Hoc|iPhone
		{4A26496A-675E-4BD3-9913-687AF339C26B}.Ad-Hoc|x86.ActiveCfg = Ad-Hoc|iPhone
		{4A26496A-675E-4BD3-9913-687AF339C26B}.AppStore|Any CPU.ActiveCfg = AppStore|iPhone
		{4A26496A-675E-4BD3-9913-687AF339C26B}.AppStore|ARM.ActiveCfg = AppStore|iPhone
		{4A26496A-675E-4BD3-9913-687AF339C26B}.AppStore|iPhone.ActiveCfg = AppStore|iPhone
		{4A26496A-675E-4BD3-9913-687AF339C26B}.AppStore|iPhone.Build.0 = AppStore|iPhone
		{4A26496A-675E-4BD3-9913-687AF339C26B}.AppStore|iPhoneSimulator.ActiveCfg = AppStore|iPhoneSimulator
		{4A26496A-675E-4BD3-9913-687AF339C26B}.AppStore|iPhoneSimulator.Build.0 = AppStore|iPhoneSimulator
		{4A26496A-675E-4BD3-9913-687AF339C26B}.AppStore|x64.ActiveCfg = AppStore|iPhone
		{4A26496A-675E-4BD3-9913-687AF339C26B}.AppStore|x86.ActiveCfg = AppStore|iPhone
		{4A26496A-675E-4BD3-9913-687AF339C26B}.Debug|Any CPU.ActiveCfg = Debug|iPhone
		{4A26496A-675E-4BD3-9913-687AF339C26B}.Debug|ARM.ActiveCfg = Debug|iPhone
		{4A26496A-675E-4BD3-9913-687AF339C26B}.Debug|iPhone.ActiveCfg = Debug|iPhone
		{4A26496A-675E-4BD3-9913-687AF339C26B}.Debug|iPhone.Build.0 = Debug|iPhone
		{4A26496A-675E-4BD3-9913-687AF339C26B}.Debug|iPhoneSimulator.ActiveCfg = Debug|iPhoneSimulator
		{4A26496A-675E-4BD3-9913-687AF339C26B}.Debug|iPhoneSimulator.Build.0 = Debug|iPhoneSimulator
		{4A26496A-675E-4BD3-9913-687AF339C26B}.Debug|x64.ActiveCfg = Debug|iPhone
		{4A26496A-675E-4BD3-9913-687AF339C26B}.Debug|x86.ActiveCfg = Debug|iPhone
		{4A26496A-675E-4BD3-9913-687AF339C26B}.Release|Any CPU.ActiveCfg = Release|iPhone
		{4A26496A-675E-4BD3-9913-687AF339C26B}.Release|ARM.ActiveCfg = Release|iPhone
		{4A26496A-675E-4BD3-9913-687AF339C26B}.Release|iPhone.ActiveCfg = Release|iPhone
		{4A26496A-675E-4BD3-9913-687AF339C26B}.Release|iPhone.Build.0 = Release|iPhone
		{4A26496A-675E-4BD3-9913-687AF339C26B}.Release|iPhoneSimulator.ActiveCfg = Release|iPhoneSimulator
		{4A26496A-675E-4BD3-9913-687AF339C26B}.Release|iPhoneSimulator.Build.0 = Release|iPhoneSimulator
		{4A26496A-675E-4BD3-9913-687AF339C26B}.Release|x64.ActiveCfg = Release|iPhone
		{4A26496A-675E-4BD3-9913-687AF339C26B}.Release|x86.ActiveCfg = Release|iPhone
	EndGlobalSection
	GlobalSection(SolutionProperties) = preSolution
		HideSolutionNode = FALSE
	EndGlobalSection
	GlobalSection(ExtensibilityGlobals) = postSolution
		SolutionGuid = {AD4D8327-A641-4DC2-A8C3-92DDBBA5468B}
	EndGlobalSection
EndGlobal
